<?xml version="1.0" encoding="utf-8"?>
<Project ToolsVersion="4.0" xmlns="http://schemas.microsoft.com/developer/msbuild/2003">
  <ItemGroup>
    <Filter Include="Source Files">
      <UniqueIdentifier>{4FC737F1-C7A5-4376-A066-2A32D752A2FF}</UniqueIdentifier>
      <Extensions>cpp;c;cc;cxx;def;odl;idl;hpj;bat;asm;asmx</Extensions>
    </Filter>
    <Filter Include="Header Files">
      <UniqueIdentifier>{93995380-89BD-4b04-88EB-625FBE52EBFB}</UniqueIdentifier>
      <Extensions>h;hpp;hxx;hm;inl;inc;xsd</Extensions>
    </Filter>
    <Filter Include="Resource Files">
      <UniqueIdentifier>{67DA6AB6-F800-4c08-8B7A-83BB121AAD01}</UniqueIdentifier>
      <Extensions>rc;ico;cur;bmp;dlg;rc2;rct;bin;rgs;gif;jpg;jpeg;jpe;resx;tiff;tif;png;wav;mfcribbon-ms</Extensions>
    </Filter>
    <Filter Include="Header Files\Engine">
      <UniqueIdentifier>{6818a678-e49e-45f0-955d-af0bae93efd3}</UniqueIdentifier>
    </Filter>
    <Filter Include="Source Files\Engine">
      <UniqueIdentifier>{256eae0f-bec2-49ba-b28d-c515f15063e0}</UniqueIdentifier>
    </Filter>
    <Filter Include="Header Files\Engine\WinsockWrapper">
      <UniqueIdentifier>{58e9ee95-27dc-44bc-a97b-38a64a299260}</UniqueIdentifier>
    </Filter>
    <Filter Include="Source Files\Engine\WinsockWrapper">
      <UniqueIdentifier>{ce1d9ec6-a696-4b79-8baa-a77ebea7cd6d}</UniqueIdentifier>
    </Filter>
    <Filter Include="Header Files\Engine\Collision">
      <UniqueIdentifier>{4066e6b1-e3fc-4742-a76f-e708b5c7f288}</UniqueIdentifier>
    </Filter>
    <Filter Include="Source Files\Engine\Collision">
      <UniqueIdentifier>{3bbce5f0-ed6a-42d4-afde-b014943a9ce4}</UniqueIdentifier>
    </Filter>
    <Filter Include="Header Files\Engine\OpenGL">
      <UniqueIdentifier>{351b64a6-9234-444a-9f6d-82aea250b033}</UniqueIdentifier>
    </Filter>
    <Filter Include="Header Files\Engine\DialogSystem">
      <UniqueIdentifier>{f4c3f8be-0cc6-41c8-aa1e-7e0860be0a66}</UniqueIdentifier>
    </Filter>
    <Filter Include="Header Files\Engine\DialogSystem\Elements">
      <UniqueIdentifier>{af9ec19c-8ebf-41f5-8e18-45c33d2fd43c}</UniqueIdentifier>
    </Filter>
    <Filter Include="Source Files\Engine\DialogSystem">
      <UniqueIdentifier>{f4db0166-92a4-4824-9e6e-d64a26b1d06d}</UniqueIdentifier>
    </Filter>
    <Filter Include="Source Files\Engine\DialogSystem\Elements">
      <UniqueIdentifier>{0b29e1fa-7c4f-430a-999e-365d47f534c5}</UniqueIdentifier>
    </Filter>
  </ItemGroup>
  <ItemGroup>
    <ClCompile Include="main.cpp">
      <Filter>Source Files</Filter>
    </ClCompile>
    <ClCompile Include="LoadLayout.cpp">
      <Filter>Source Files</Filter>
    </ClCompile>
    <ClCompile Include="MainProgram.cpp">
      <Filter>Source Files</Filter>
    </ClCompile>
    <ClCompile Include="Engine\XML_File.cpp">
      <Filter>Source Files\Engine</Filter>
    </ClCompile>
    <ClCompile Include="Engine\DebugTools.cpp">
      <Filter>Source Files\Engine</Filter>
    </ClCompile>
    <ClCompile Include="Engine\Engine.cpp">
      <Filter>Source Files\Engine</Filter>
    </ClCompile>
    <ClCompile Include="Engine\InputSystem.cpp">
      <Filter>Source Files\Engine</Filter>
    </ClCompile>
    <ClCompile Include="Engine\SDL_Window.cpp">
      <Filter>Source Files\Engine</Filter>
    </ClCompile>
    <ClCompile Include="Engine\RandomNumbers.cpp">
      <Filter>Source Files\Engine</Filter>
    </ClCompile>
    <ClCompile Include="Engine\WinsockWrapper\WinsockWrapper.cpp">
      <Filter>Source Files\Engine\WinsockWrapper</Filter>
    </ClCompile>
    <ClCompile Include="Engine\WinsockWrapper\CBuffer.cpp">
      <Filter>Source Files\Engine\WinsockWrapper</Filter>
    </ClCompile>
    <ClCompile Include="Engine\WinsockWrapper\CSocket.cpp">
      <Filter>Source Files\Engine\WinsockWrapper</Filter>
    </ClCompile>
    <ClCompile Include="Engine\WinsockWrapper\CTools.cpp">
      <Filter>Source Files\Engine\WinsockWrapper</Filter>
    </ClCompile>
    <ClCompile Include="Engine\WinsockWrapper\md5.cpp">
      <Filter>Source Files\Engine\WinsockWrapper</Filter>
    </ClCompile>
    <ClCompile Include="Engine\SDL_Surface_to_OpenGL.cpp">
      <Filter>Source Files\Engine</Filter>
    </ClCompile>
    <ClCompile Include="Engine\WorldController.cpp">
      <Filter>Source Files\Engine</Filter>
    </ClCompile>
    <ClCompile Include="Engine\RenderablePrimitives.cpp">
      <Filter>Source Files\Engine</Filter>
    </ClCompile>
    <ClCompile Include="Engine\BinaryExport.cpp">
      <Filter>Source Files\Engine</Filter>
    </ClCompile>
    <ClCompile Include="Engine\StringToValue.cpp">
      <Filter>Source Files\Engine</Filter>
    </ClCompile>
    <ClCompile Include="Engine\Collision\LineToTriangle.cpp">
      <Filter>Source Files\Engine\Collision</Filter>
    </ClCompile>
    <ClCompile Include="Engine\TextureController.cpp">
      <Filter>Source Files\Engine</Filter>
    </ClCompile>
    <ClCompile Include="Engine\DialogSystem\MenuGUI.cpp">
      <Filter>Source Files\Engine\DialogSystem</Filter>
    </ClCompile>
    <ClCompile Include="Engine\DialogSystem\MenuGUIElement.cpp">
      <Filter>Source Files\Engine\DialogSystem</Filter>
    </ClCompile>
    <ClCompile Include="Engine\DialogSystem\Elements\MenuElement_TextureButton.cpp">
      <Filter>Source Files\Engine\DialogSystem\Elements</Filter>
    </ClCompile>
    <ClCompile Include="Engine\DialogSystem\Elements\MenuElement_CheckBox.cpp">
      <Filter>Source Files\Engine\DialogSystem\Elements</Filter>
    </ClCompile>
    <ClCompile Include="Engine\DialogSystem\Elements\MenuElement_DropDown.cpp">
      <Filter>Source Files\Engine\DialogSystem\Elements</Filter>
    </ClCompile>
    <ClCompile Include="Engine\DialogSystem\Elements\MenuElement_EditBox.cpp">
      <Filter>Source Files\Engine\DialogSystem\Elements</Filter>
    </ClCompile>
    <ClCompile Include="Engine\DialogSystem\Elements\MenuElement_Frame.cpp">
      <Filter>Source Files\Engine\DialogSystem\Elements</Filter>
    </ClCompile>
    <ClCompile Include="Engine\DialogSystem\Elements\MenuElement_ListBox.cpp">
      <Filter>Source Files\Engine\DialogSystem\Elements</Filter>
    </ClCompile>
    <ClCompile Include="Engine\DialogSystem\Elements\MenuElement_TextBlock.cpp">
      <Filter>Source Files\Engine\DialogSystem\Elements</Filter>
    </ClCompile>
    <ClCompile Include="Engine\DialogSystem\Elements\MenuElement_TextButton.cpp">
      <Filter>Source Files\Engine\DialogSystem\Elements</Filter>
    </ClCompile>
    <ClCompile Include="Engine\DialogSystem\Elements\MenuElement_Texture.cpp">
      <Filter>Source Files\Engine\DialogSystem\Elements</Filter>
    </ClCompile>
    <ClCompile Include="Engine\FontController.cpp">
      <Filter>Source Files\Engine</Filter>
    </ClCompile>
    <ClCompile Include="Engine\DebugConsole.cpp">
      <Filter>Source Files\Engine</Filter>
    </ClCompile>
    <ClCompile Include="Engine\CutsceneSystem.cpp">
      <Filter>Source Files\Engine\DialogSystem\Elements</Filter>
    </ClCompile>
    <ClCompile Include="Engine\DialogController.cpp">
      <Filter>Source Files\Engine</Filter>
    </ClCompile>
    <ClCompile Include="Engine\OpenGLCamera.cpp">
      <Filter>Source Files\Engine</Filter>
    </ClCompile>
    <ClCompile Include="Engine\SimpleLogger.cpp">
      <Filter>Source Files\Engine</Filter>
    </ClCompile>
  </ItemGroup>
  <ItemGroup>
    <ClInclude Include="MainProgram.h">
      <Filter>Header Files</Filter>
    </ClInclude>
    <ClInclude Include="LoadLayout.h">
      <Filter>Header Files</Filter>
    </ClInclude>
    <ClInclude Include="Engine\XML_File.h">
      <Filter>Header Files\Engine</Filter>
    </ClInclude>
    <ClInclude Include="Engine\DebugTools.h">
      <Filter>Header Files\Engine</Filter>
    </ClInclude>
    <ClInclude Include="Engine\Engine.h">
      <Filter>Header Files\Engine</Filter>
    </ClInclude>
    <ClInclude Include="Engine\InputSystem.h">
      <Filter>Header Files\Engine</Filter>
    </ClInclude>
    <ClInclude Include="Engine\SDL_Window.h">
      <Filter>Header Files\Engine</Filter>
    </ClInclude>
    <ClInclude Include="Engine\RandomNumbers.h">
      <Filter>Header Files\Engine</Filter>
    </ClInclude>
    <ClInclude Include="Engine\TaskScheduler.h">
      <Filter>Header Files\Engine</Filter>
    </ClInclude>
    <ClInclude Include="Engine\WinsockWrapper\CSocket.h">
      <Filter>Header Files\Engine\WinsockWrapper</Filter>
    </ClInclude>
    <ClInclude Include="Engine\WinsockWrapper\CTools.h">
      <Filter>Header Files\Engine\WinsockWrapper</Filter>
    </ClInclude>
    <ClInclude Include="Engine\WinsockWrapper\WinsockWrapper.h">
      <Filter>Header Files\Engine\WinsockWrapper</Filter>
    </ClInclude>
    <ClInclude Include="Engine\WinsockWrapper\CBuffer.h">
      <Filter>Header Files\Engine\WinsockWrapper</Filter>
    </ClInclude>
    <ClInclude Include="Engine\SDL_Surface_to_OpenGL.h">
      <Filter>Header Files\Engine</Filter>
    </ClInclude>
    <ClInclude Include="Engine\WorldController.h">
      <Filter>Header Files\Engine</Filter>
    </ClInclude>
    <ClInclude Include="Engine\Renderable.h">
      <Filter>Header Files\Engine</Filter>
    </ClInclude>
    <ClInclude Include="Engine\RenderablePrimitives.h">
      <Filter>Header Files\Engine</Filter>
    </ClInclude>
    <ClInclude Include="Engine\BinaryExport.h">
      <Filter>Header Files\Engine</Filter>
    </ClInclude>
    <ClInclude Include="Engine\MegaFile.h">
      <Filter>Header Files\Engine</Filter>
    </ClInclude>
    <ClInclude Include="Engine\SignalSystem.h">
      <Filter>Header Files\Engine</Filter>
    </ClInclude>
    <ClInclude Include="Engine\StringToValue.h">
      <Filter>Header Files\Engine</Filter>
    </ClInclude>
    <ClInclude Include="Engine\Vector3.h">
      <Filter>Header Files\Engine</Filter>
    </ClInclude>
    <ClInclude Include="Engine\Collision\LineToTriangle.h">
      <Filter>Header Files\Engine\Collision</Filter>
    </ClInclude>
    <ClInclude Include="Engine\OpenGL\OGL_Includes.h">
      <Filter>Header Files\Engine\OpenGL</Filter>
    </ClInclude>
    <ClInclude Include="Engine\OpenGL\GLFrame.h">
      <Filter>Header Files\Engine\OpenGL</Filter>
    </ClInclude>
    <ClInclude Include="Engine\OpenGL\gltools.h">
      <Filter>Header Files\Engine\OpenGL</Filter>
    </ClInclude>
    <ClInclude Include="Engine\OpenGL\math3d.h">
      <Filter>Header Files\Engine\OpenGL</Filter>
    </ClInclude>
    <ClInclude Include="Engine\TextureController.h">
      <Filter>Header Files\Engine</Filter>
    </ClInclude>
    <ClInclude Include="Engine\DialogSystem\MenuGUI.h">
      <Filter>Header Files\Engine\DialogSystem</Filter>
    </ClInclude>
    <ClInclude Include="Engine\DialogSystem\MenuGUIElement.h">
      <Filter>Header Files\Engine\DialogSystem</Filter>
    </ClInclude>
    <ClInclude Include="Engine\DialogSystem\MenuElementsList.h">
      <Filter>Header Files\Engine\DialogSystem</Filter>
    </ClInclude>
    <ClInclude Include="Engine\DialogSystem\Elements\MenuElement_TextButton.h">
      <Filter>Header Files\Engine\DialogSystem\Elements</Filter>
    </ClInclude>
    <ClInclude Include="Engine\DialogSystem\Elements\MenuElement_Texture.h">
      <Filter>Header Files\Engine\DialogSystem\Elements</Filter>
    </ClInclude>
    <ClInclude Include="Engine\DialogSystem\Elements\MenuElement_TextureButton.h">
      <Filter>Header Files\Engine\DialogSystem\Elements</Filter>
    </ClInclude>
    <ClInclude Include="Engine\DialogSystem\Elements\MenuElement_CheckBox.h">
      <Filter>Header Files\Engine\DialogSystem\Elements</Filter>
    </ClInclude>
    <ClInclude Include="Engine\DialogSystem\Elements\MenuElement_DropDown.h">
      <Filter>Header Files\Engine\DialogSystem\Elements</Filter>
    </ClInclude>
    <ClInclude Include="Engine\DialogSystem\Elements\MenuElement_EditBox.h">
      <Filter>Header Files\Engine\DialogSystem\Elements</Filter>
    </ClInclude>
    <ClInclude Include="Engine\DialogSystem\Elements\MenuElement_Frame.h">
      <Filter>Header Files\Engine\DialogSystem\Elements</Filter>
    </ClInclude>
    <ClInclude Include="Engine\DialogSystem\Elements\MenuElement_ListBox.h">
      <Filter>Header Files\Engine\DialogSystem\Elements</Filter>
    </ClInclude>
    <ClInclude Include="Engine\DialogSystem\Elements\MenuElement_TextBlock.h">
      <Filter>Header Files\Engine\DialogSystem\Elements</Filter>
    </ClInclude>
    <ClInclude Include="Engine\FontController.h">
      <Filter>Header Files\Engine</Filter>
    </ClInclude>
    <ClInclude Include="Engine\DebugConsole.h">
      <Filter>Header Files\Engine</Filter>
    </ClInclude>
    <ClInclude Include="Engine\CutsceneSystem.h">
      <Filter>Header Files\Engine</Filter>
    </ClInclude>
    <ClInclude Include="Engine\DialogController.h">
      <Filter>Header Files\Engine</Filter>
    </ClInclude>
    <ClInclude Include="Engine\OpenGLCamera.h">
      <Filter>Header Files\Engine</Filter>
    </ClInclude>
    <ClInclude Include="Engine\SimpleLogger.h">
      <Filter>Header Files\Engine</Filter>
    </ClInclude>
    <ClInclude Include="Engine\Sprite.h">
      <Filter>Header Files\Engine</Filter>
    </ClInclude>
  </ItemGroup>
</Project>